// !$*UTF8*$!
{
	archiveVersion = 1;
	classes = {
	};
	objectVersion = 50;
	objects = {

/* Begin PBXBuildFile section */
		DA49F859259DB69E00908960 /* WeatherQuery.swift in Sources */ = {isa = PBXBuildFile; fileRef = DA49F858259DB69E00908960 /* WeatherQuery.swift */; };
		DA49F85C259DB6BC00908960 /* Temperature.swift in Sources */ = {isa = PBXBuildFile; fileRef = DA49F85B259DB6BC00908960 /* Temperature.swift */; };
		DA49F864259DD8A200908960 /* MainCellView.swift in Sources */ = {isa = PBXBuildFile; fileRef = DA49F863259DD8A200908960 /* MainCellView.swift */; };
		DA5D9711259E0B0800FD02C6 /* BgImageQuery.swift in Sources */ = {isa = PBXBuildFile; fileRef = DA5D9710259E0B0800FD02C6 /* BgImageQuery.swift */; };
		DA5D9714259E0B4800FD02C6 /* Result.swift in Sources */ = {isa = PBXBuildFile; fileRef = DA5D9713259E0B4800FD02C6 /* Result.swift */; };
		DA5D9717259E0B9800FD02C6 /* Urls.swift in Sources */ = {isa = PBXBuildFile; fileRef = DA5D9716259E0B9800FD02C6 /* Urls.swift */; };
		DA91E134259CAF42000491B5 /* WeatherTestApp.swift in Sources */ = {isa = PBXBuildFile; fileRef = DA91E133259CAF42000491B5 /* WeatherTestApp.swift */; };
		DA91E136259CAF42000491B5 /* ContentView.swift in Sources */ = {isa = PBXBuildFile; fileRef = DA91E135259CAF42000491B5 /* ContentView.swift */; };
		DA91E138259CAF43000491B5 /* Assets.xcassets in Resources */ = {isa = PBXBuildFile; fileRef = DA91E137259CAF43000491B5 /* Assets.xcassets */; };
		DA91E13B259CAF43000491B5 /* Preview Assets.xcassets in Resources */ = {isa = PBXBuildFile; fileRef = DA91E13A259CAF43000491B5 /* Preview Assets.xcassets */; };
		DA91E147259CB6CB000491B5 /* LocationQuery.swift in Sources */ = {isa = PBXBuildFile; fileRef = DA91E146259CB6CB000491B5 /* LocationQuery.swift */; };
		DA91E14B259CB6E7000491B5 /* AdministrativeArea.swift in Sources */ = {isa = PBXBuildFile; fileRef = DA91E14A259CB6E7000491B5 /* AdministrativeArea.swift */; };
		DA91E14E259CB6F7000491B5 /* Country.swift in Sources */ = {isa = PBXBuildFile; fileRef = DA91E14D259CB6F7000491B5 /* Country.swift */; };
		DA91E15A259CB731000491B5 /* TimeZone.swift in Sources */ = {isa = PBXBuildFile; fileRef = DA91E159259CB731000491B5 /* TimeZone.swift */; };
		DA91E161259D90D5000491B5 /* PullData.swift in Sources */ = {isa = PBXBuildFile; fileRef = DA91E160259D90D5000491B5 /* PullData.swift */; };
		DAA178AE259ED8DB00563956 /* SubCellView.swift in Sources */ = {isa = PBXBuildFile; fileRef = DAA178AD259ED8DB00563956 /* SubCellView.swift */; };
		DAA178B1259F42F800563956 /* SearchBar.swift in Sources */ = {isa = PBXBuildFile; fileRef = DAA178B0259F42F800563956 /* SearchBar.swift */; };
/* End PBXBuildFile section */

/* Begin PBXFileReference section */
		DA49F858259DB69E00908960 /* WeatherQuery.swift */ = {isa = PBXFileReference; lastKnownFileType = sourcecode.swift; path = WeatherQuery.swift; sourceTree = "<group>"; };
		DA49F85B259DB6BC00908960 /* Temperature.swift */ = {isa = PBXFileReference; lastKnownFileType = sourcecode.swift; path = Temperature.swift; sourceTree = "<group>"; };
		DA49F863259DD8A200908960 /* MainCellView.swift */ = {isa = PBXFileReference; lastKnownFileType = sourcecode.swift; path = MainCellView.swift; sourceTree = "<group>"; };
		DA5D9710259E0B0800FD02C6 /* BgImageQuery.swift */ = {isa = PBXFileReference; lastKnownFileType = sourcecode.swift; path = BgImageQuery.swift; sourceTree = "<group>"; };
		DA5D9713259E0B4800FD02C6 /* Result.swift */ = {isa = PBXFileReference; lastKnownFileType = sourcecode.swift; path = Result.swift; sourceTree = "<group>"; };
		DA5D9716259E0B9800FD02C6 /* Urls.swift */ = {isa = PBXFileReference; lastKnownFileType = sourcecode.swift; path = Urls.swift; sourceTree = "<group>"; };
		DA91E130259CAF42000491B5 /* WeatherTest.app */ = {isa = PBXFileReference; explicitFileType = wrapper.application; includeInIndex = 0; path = WeatherTest.app; sourceTree = BUILT_PRODUCTS_DIR; };
		DA91E133259CAF42000491B5 /* WeatherTestApp.swift */ = {isa = PBXFileReference; lastKnownFileType = sourcecode.swift; path = WeatherTestApp.swift; sourceTree = "<group>"; };
		DA91E135259CAF42000491B5 /* ContentView.swift */ = {isa = PBXFileReference; lastKnownFileType = sourcecode.swift; path = ContentView.swift; sourceTree = "<group>"; };
		DA91E137259CAF43000491B5 /* Assets.xcassets */ = {isa = PBXFileReference; lastKnownFileType = folder.assetcatalog; path = Assets.xcassets; sourceTree = "<group>"; };
		DA91E13A259CAF43000491B5 /* Preview Assets.xcassets */ = {isa = PBXFileReference; lastKnownFileType = folder.assetcatalog; path = "Preview Assets.xcassets"; sourceTree = "<group>"; };
		DA91E13C259CAF43000491B5 /* Info.plist */ = {isa = PBXFileReference; lastKnownFileType = text.plist.xml; path = Info.plist; sourceTree = "<group>"; };
		DA91E146259CB6CB000491B5 /* LocationQuery.swift */ = {isa = PBXFileReference; lastKnownFileType = sourcecode.swift; path = LocationQuery.swift; sourceTree = "<group>"; };
		DA91E14A259CB6E7000491B5 /* AdministrativeArea.swift */ = {isa = PBXFileReference; lastKnownFileType = sourcecode.swift; path = AdministrativeArea.swift; sourceTree = "<group>"; };
		DA91E14D259CB6F7000491B5 /* Country.swift */ = {isa = PBXFileReference; lastKnownFileType = sourcecode.swift; path = Country.swift; sourceTree = "<group>"; };
		DA91E159259CB731000491B5 /* TimeZone.swift */ = {isa = PBXFileReference; lastKnownFileType = sourcecode.swift; path = TimeZone.swift; sourceTree = "<group>"; };
		DA91E160259D90D5000491B5 /* PullData.swift */ = {isa = PBXFileReference; lastKnownFileType = sourcecode.swift; path = PullData.swift; sourceTree = "<group>"; };
		DAA178AD259ED8DB00563956 /* SubCellView.swift */ = {isa = PBXFileReference; lastKnownFileType = sourcecode.swift; path = SubCellView.swift; sourceTree = "<group>"; };
		DAA178B0259F42F800563956 /* SearchBar.swift */ = {isa = PBXFileReference; lastKnownFileType = sourcecode.swift; path = SearchBar.swift; sourceTree = "<group>"; };
/* End PBXFileReference section */

/* Begin PBXFrameworksBuildPhase section */
		DA91E12D259CAF42000491B5 /* Frameworks */ = {
			isa = PBXFrameworksBuildPhase;
			buildActionMask = 2147483647;
			files = (
			);
			runOnlyForDeploymentPostprocessing = 0;
		};
/* End PBXFrameworksBuildPhase section */

/* Begin PBXGroup section */
		DA49F854259DB57700908960 /* Location */ = {
			isa = PBXGroup;
			children = (
				DA91E146259CB6CB000491B5 /* LocationQuery.swift */,
				DA91E14A259CB6E7000491B5 /* AdministrativeArea.swift */,
				DA91E14D259CB6F7000491B5 /* Country.swift */,
				DA91E159259CB731000491B5 /* TimeZone.swift */,
			);
			path = Location;
			sourceTree = "<group>";
		};
		DA49F857259DB66700908960 /* Weather */ = {
			isa = PBXGroup;
			children = (
				DA49F858259DB69E00908960 /* WeatherQuery.swift */,
				DA49F85B259DB6BC00908960 /* Temperature.swift */,
			);
			path = Weather;
			sourceTree = "<group>";
		};
		DA49F862259DD87900908960 /* Views */ = {
			isa = PBXGroup;
			children = (
				DA91E133259CAF42000491B5 /* WeatherTestApp.swift */,
				DA91E135259CAF42000491B5 /* ContentView.swift */,
				DA49F863259DD8A200908960 /* MainCellView.swift */,
				DAA178AD259ED8DB00563956 /* SubCellView.swift */,
				DAA178B0259F42F800563956 /* SearchBar.swift */,
			);
			path = Views;
			sourceTree = "<group>";
		};
		DA5D970F259E0AF100FD02C6 /* BackgroundImages */ = {
			isa = PBXGroup;
			children = (
				DA5D9710259E0B0800FD02C6 /* BgImageQuery.swift */,
				DA5D9713259E0B4800FD02C6 /* Result.swift */,
				DA5D9716259E0B9800FD02C6 /* Urls.swift */,
			);
			path = BackgroundImages;
			sourceTree = "<group>";
		};
		DA91E127259CAF42000491B5 = {
			isa = PBXGroup;
			children = (
				DA91E132259CAF42000491B5 /* WeatherTest */,
				DA91E131259CAF42000491B5 /* Products */,
			);
			sourceTree = "<group>";
		};
		DA91E131259CAF42000491B5 /* Products */ = {
			isa = PBXGroup;
			children = (
				DA91E130259CAF42000491B5 /* WeatherTest.app */,
			);
			name = Products;
			sourceTree = "<group>";
		};
		DA91E132259CAF42000491B5 /* WeatherTest */ = {
			isa = PBXGroup;
			children = (
				DA91E145259CB653000491B5 /* Models */,
				DA91E15F259D900F000491B5 /* Service */,
				DA49F862259DD87900908960 /* Views */,
				DA91E137259CAF43000491B5 /* Assets.xcassets */,
				DA91E13C259CAF43000491B5 /* Info.plist */,
				DA91E139259CAF43000491B5 /* Preview Content */,
			);
			path = WeatherTest;
			sourceTree = "<group>";
		};
		DA91E139259CAF43000491B5 /* Preview Content */ = {
			isa = PBXGroup;
			children = (
				DA91E13A259CAF43000491B5 /* Preview Assets.xcassets */,
			);
			path = "Preview Content";
			sourceTree = "<group>";
		};
		DA91E145259CB653000491B5 /* Models */ = {
			isa = PBXGroup;
			children = (
				DA5D970F259E0AF100FD02C6 /* BackgroundImages */,
				DA49F854259DB57700908960 /* Location */,
				DA49F857259DB66700908960 /* Weather */,
			);
			path = Models;
			sourceTree = "<group>";
		};
		DA91E15F259D900F000491B5 /* Service */ = {
			isa = PBXGroup;
			children = (
				DA91E160259D90D5000491B5 /* PullData.swift */,
			);
			path = Service;
			sourceTree = "<group>";
		};
/* End PBXGroup section */

/* Begin PBXNativeTarget section */
		DA91E12F259CAF42000491B5 /* WeatherTest */ = {
			isa = PBXNativeTarget;
			buildConfigurationList = DA91E13F259CAF43000491B5 /* Build configuration list for PBXNativeTarget "WeatherTest" */;
			buildPhases = (
				DA91E12C259CAF42000491B5 /* Sources */,
				DA91E12D259CAF42000491B5 /* Frameworks */,
				DA91E12E259CAF42000491B5 /* Resources */,
			);
			buildRules = (
			);
			dependencies = (
			);
			name = WeatherTest;
			productName = WeatherTest;
			productReference = DA91E130259CAF42000491B5 /* WeatherTest.app */;
			productType = "com.apple.product-type.application";
		};
/* End PBXNativeTarget section */

/* Begin PBXProject section */
		DA91E128259CAF42000491B5 /* Project object */ = {
			isa = PBXProject;
			attributes = {
				LastSwiftUpdateCheck = 1230;
				LastUpgradeCheck = 1230;
				TargetAttributes = {
					DA91E12F259CAF42000491B5 = {
						CreatedOnToolsVersion = 12.3;
					};
				};
			};
			buildConfigurationList = DA91E12B259CAF42000491B5 /* Build configuration list for PBXProject "WeatherTest" */;
			compatibilityVersion = "Xcode 9.3";
			developmentRegion = en;
			hasScannedForEncodings = 0;
			knownRegions = (
				en,
				Base,
			);
			mainGroup = DA91E127259CAF42000491B5;
			productRefGroup = DA91E131259CAF42000491B5 /* Products */;
			projectDirPath = "";
			projectRoot = "";
			targets = (
				DA91E12F259CAF42000491B5 /* WeatherTest */,
			);
		};
/* End PBXProject section */

/* Begin PBXResourcesBuildPhase section */
		DA91E12E259CAF42000491B5 /* Resources */ = {
			isa = PBXResourcesBuildPhase;
			buildActionMask = 2147483647;
			files = (
				DA91E13B259CAF43000491B5 /* Preview Assets.xcassets in Resources */,
				DA91E138259CAF43000491B5 /* Assets.xcassets in Resources */,
			);
			runOnlyForDeploymentPostprocessing = 0;
		};
/* End PBXResourcesBuildPhase section */

/* Begin PBXSourcesBuildPhase section */
		DA91E12C259CAF42000491B5 /* Sources */ = {
			isa = PBXSourcesBuildPhase;
			buildActionMask = 2147483647;
			files = (
				DA91E161259D90D5000491B5 /* PullData.swift in Sources */,
				DA91E15A259CB731000491B5 /* TimeZone.swift in Sources */,
				DAA178B1259F42F800563956 /* SearchBar.swift in Sources */,
				DA49F85C259DB6BC00908960 /* Temperature.swift in Sources */,
				DA91E14B259CB6E7000491B5 /* AdministrativeArea.swift in Sources */,
				DA49F859259DB69E00908960 /* WeatherQuery.swift in Sources */,
				DA91E136259CAF42000491B5 /* ContentView.swift in Sources */,
				DA5D9714259E0B4800FD02C6 /* Result.swift in Sources */,
				DA5D9711259E0B0800FD02C6 /* BgImageQuery.swift in Sources */,
				DA91E147259CB6CB000491B5 /* LocationQuery.swift in Sources */,
				DA49F864259DD8A200908960 /* MainCellView.swift in Sources */,
				DA5D9717259E0B9800FD02C6 /* Urls.swift in Sources */,
				DA91E14E259CB6F7000491B5 /* Country.swift in Sources */,
				DA91E134259CAF42000491B5 /* WeatherTestApp.swift in Sources */,
				DAA178AE259ED8DB00563956 /* SubCellView.swift in Sources */,
			);
			runOnlyForDeploymentPostprocessing = 0;
		};
/* End PBXSourcesBuildPhase section */

/* Begin XCBuildConfiguration section */
		DA91E13D259CAF43000491B5 /* Debug */ = {
			isa = XCBuildConfiguration;
			buildSettings = {
				ALWAYS_SEARCH_USER_PATHS = NO;
				CLANG_ANALYZER_NONNULL = YES;
				CLANG_ANALYZER_NUMBER_OBJECT_CONVERSION = YES_AGGRESSIVE;
				CLANG_CXX_LANGUAGE_STANDARD = "gnu++14";
				CLANG_CXX_LIBRARY = "libc++";
				CLANG_ENABLE_MODULES = YES;
				CLANG_ENABLE_OBJC_ARC = YES;
				CLANG_ENABLE_OBJC_WEAK = YES;
				CLANG_WARN_BLOCK_CAPTURE_AUTORELEASING = YES;
				CLANG_WARN_BOOL_CONVERSION = YES;
				CLANG_WARN_COMMA = YES;
				CLANG_WARN_CONSTANT_CONVERSION = YES;
				CLANG_WARN_DEPRECATED_OBJC_IMPLEMENTATIONS = YES;
				CLANG_WARN_DIRECT_OBJC_ISA_USAGE = YES_ERROR;
				CLANG_WARN_DOCUMENTATION_COMMENTS = YES;
				CLANG_WARN_EMPTY_BODY = YES;
				CLANG_WARN_ENUM_CONVERSION = YES;
				CLANG_WARN_INFINITE_RECURSION = YES;
				CLANG_WARN_INT_CONVERSION = YES;
				CLANG_WARN_NON_LITERAL_NULL_CONVERSION = YES;
				CLANG_WARN_OBJC_IMPLICIT_RETAIN_SELF = YES;
				CLANG_WARN_OBJC_LITERAL_CONVERSION = YES;
				CLANG_WARN_OBJC_ROOT_CLASS = YES_ERROR;
				CLANG_WARN_QUOTED_INCLUDE_IN_FRAMEWORK_HEADER = YES;
				CLANG_WARN_RANGE_LOOP_ANALYSIS = YES;
				CLANG_WARN_STRICT_PROTOTYPES = YES;
				CLANG_WARN_SUSPICIOUS_MOVE = YES;
				CLANG_WARN_UNGUARDED_AVAILABILITY = YES_AGGRESSIVE;
				CLANG_WARN_UNREACHABLE_CODE = YES;
				CLANG_WARN__DUPLICATE_METHOD_MATCH = YES;
				COPY_PHASE_STRIP = NO;
				DEBUG_INFORMATION_FORMAT = dwarf;
				ENABLE_STRICT_OBJC_MSGSEND = YES;
				ENABLE_TESTABILITY = YES;
				GCC_C_LANGUAGE_STANDARD = gnu11;
				GCC_DYNAMIC_NO_PIC = NO;
				GCC_NO_COMMON_BLOCKS = YES;
				GCC_OPTIMIZATION_LEVEL = 0;
				GCC_PREPROCESSOR_DEFINITIONS = (
					"DEBUG=1",
					"$(inherited)",
				);
				GCC_WARN_64_TO_32_BIT_CONVERSION = YES;
				GCC_WARN_ABOUT_RETURN_TYPE = YES_ERROR;
				GCC_WARN_UNDECLARED_SELECTOR = YES;
				GCC_WARN_UNINITIALIZED_AUTOS = YES_AGGRESSIVE;
				GCC_WARN_UNUSED_FUNCTION = YES;
				GCC_WARN_UNUSED_VARIABLE = YES;
				IPHONEOS_DEPLOYMENT_TARGET = 14.3;
				MTL_ENABLE_DEBUG_INFO = INCLUDE_SOURCE;
				MTL_FAST_MATH = YES;
				ONLY_ACTIVE_ARCH = YES;
				SDKROOT = iphoneos;
				SWIFT_ACTIVE_COMPILATION_CONDITIONS = DEBUG;
				SWIFT_OPTIMIZATION_LEVEL = "-Onone";
			};
			name = Debug;
		};
		DA91E13E259CAF43000491B5 /* Release */ = {
			isa = XCBuildConfiguration;
			buildSettings = {
				ALWAYS_SEARCH_USER_PATHS = NO;
				CLANG_ANALYZER_NONNULL = YES;
				CLANG_ANALYZER_NUMBER_OBJECT_CONVERSION = YES_AGGRESSIVE;
				CLANG_CXX_LANGUAGE_STANDARD = "gnu++14";
				CLANG_CXX_LIBRARY = "libc++";
				CLANG_ENABLE_MODULES = YES;
				CLANG_ENABLE_OBJC_ARC = YES;
				CLANG_ENABLE_OBJC_WEAK = YES;
				CLANG_WARN_BLOCK_CAPTURE_AUTORELEASING = YES;
				CLANG_WARN_BOOL_CONVERSION = YES;
				CLANG_WARN_COMMA = YES;
				CLANG_WARN_CONSTANT_CONVERSION = YES;
				CLANG_WARN_DEPRECATED_OBJC_IMPLEMENTATIONS = YES;
				CLANG_WARN_DIRECT_OBJC_ISA_USAGE = YES_ERROR;
				CLANG_WARN_DOCUMENTATION_COMMENTS = YES;
				CLANG_WARN_EMPTY_BODY = YES;
				CLANG_WARN_ENUM_CONVERSION = YES;
				CLANG_WARN_INFINITE_RECURSION = YES;
				CLANG_WARN_INT_CONVERSION = YES;
				CLANG_WARN_NON_LITERAL_NULL_CONVERSION = YES;
				CLANG_WARN_OBJC_IMPLICIT_RETAIN_SELF = YES;
				CLANG_WARN_OBJC_LITERAL_CONVERSION = YES;
				CLANG_WARN_OBJC_ROOT_CLASS = YES_ERROR;
				CLANG_WARN_QUOTED_INCLUDE_IN_FRAMEWORK_HEADER = YES;
				CLANG_WARN_RANGE_LOOP_ANALYSIS = YES;
				CLANG_WARN_STRICT_PROTOTYPES = YES;
				CLANG_WARN_SUSPICIOUS_MOVE = YES;
				CLANG_WARN_UNGUARDED_AVAILABILITY = YES_AGGRESSIVE;
				CLANG_WARN_UNREACHABLE_CODE = YES;
				CLANG_WARN__DUPLICATE_METHOD_MATCH = YES;
				COPY_PHASE_STRIP = NO;
				DEBUG_INFORMATION_FORMAT = "dwarf-with-dsym";
				ENABLE_NS_ASSERTIONS = NO;
				ENABLE_STRICT_OBJC_MSGSEND = YES;
				GCC_C_LANGUAGE_STANDARD = gnu11;
				GCC_NO_COMMON_BLOCKS = YES;
				GCC_WARN_64_TO_32_BIT_CONVERSION = YES;
				GCC_WARN_ABOUT_RETURN_TYPE = YES_ERROR;
				GCC_WARN_UNDECLARED_SELECTOR = YES;
				GCC_WARN_UNINITIALIZED_AUTOS = YES_AGGRESSIVE;
				GCC_WARN_UNUSED_FUNCTION = YES;
				GCC_WARN_UNUSED_VARIABLE = YES;
				IPHONEOS_DEPLOYMENT_TARGET = 14.3;
				MTL_ENABLE_DEBUG_INFO = NO;
				MTL_FAST_MATH = YES;
				SDKROOT = iphoneos;
				SWIFT_COMPILATION_MODE = wholemodule;
				SWIFT_OPTIMIZATION_LEVEL = "-O";
				VALIDATE_PRODUCT = YES;
			};
			name = Release;
		};
		DA91E140259CAF43000491B5 /* Debug */ = {
			isa = XCBuildConfiguration;
			buildSettings = {
				ASSETCATALOG_COMPILER_APPICON_NAME = AppIcon;
				ASSETCATALOG_COMPILER_GLOBAL_ACCENT_COLOR_NAME = AccentColor;
				CODE_SIGN_STYLE = Automatic;
				DEVELOPMENT_ASSET_PATHS = "\"WeatherTest/Preview Content\"";
				DEVELOPMENT_TEAM = 85Y5YCVNAB;
				ENABLE_PREVIEWS = YES;
				INFOPLIST_FILE = WeatherTest/Info.plist;
				IPHONEOS_DEPLOYMENT_TARGET = 14.0;
				LD_RUNPATH_SEARCH_PATHS = (
					"$(inherited)",
					"@executable_path/Frameworks",
				);
				PRODUCT_BUNDLE_IDENTIFIER = com.christiantanputra.WeatherTest;
				PRODUCT_NAME = "$(TARGET_NAME)";
				SWIFT_VERSION = 5.0;
				TARGETED_DEVICE_FAMILY = 1;
			};
			name = Debug;
		};
		DA91E141259CAF43000491B5 /* Release */ = {
			isa = XCBuildConfiguration;
			buildSettings = {
				ASSETCATALOG_COMPILER_APPICON_NAME = AppIcon;
				ASSETCATALOG_COMPILER_GLOBAL_ACCENT_COLOR_NAME = AccentColor;
				CODE_SIGN_STYLE = Automatic;
				DEVELOPMENT_ASSET_PATHS = "\"WeatherTest/Preview Content\"";
				DEVELOPMENT_TEAM = 85Y5YCVNAB;
				ENABLE_PREVIEWS = YES;
				INFOPLIST_FILE = WeatherTest/Info.plist;
				IPHONEOS_DEPLOYMENT_TARGET = 14.0;
				LD_RUNPATH_SEARCH_PATHS = (
					"$(inherited)",
					"@executable_path/Frameworks",
				);
				PRODUCT_BUNDLE_IDENTIFIER = com.christiantanputra.WeatherTest;
				PRODUCT_NAME = "$(TARGET_NAME)";
				SWIFT_VERSION = 5.0;
				TARGETED_DEVICE_FAMILY = 1;
			};
			name = Release;
		};
/* End XCBuildConfiguration section */

/* Begin XCConfigurationList section */
		DA91E12B259CAF42000491B5 /* Build configuration list for PBXProject "WeatherTest" */ = {
			isa = XCConfigurationList;
			buildConfigurations = (
				DA91E13D259CAF43000491B5 /* Debug */,
				DA91E13E259CAF43000491B5 /* Release */,
			);
			defaultConfigurationIsVisible = 0;
			defaultConfigurationName = Release;
		};
		DA91E13F259CAF43000491B5 /* Build configuration list for PBXNativeTarget "WeatherTest" */ = {
			isa = XCConfigurationList;
			buildConfigurations = (
				DA91E140259CAF43000491B5 /* Debug */,
				DA91E141259CAF43000491B5 /* Release */,
			);
			defaultConfigurationIsVisible = 0;
			defaultConfigurationName = Release;
		};
/* End XCConfigurationList section */
	};
	rootObject = DA91E128259CAF42000491B5 /* Project object */;
}
